
Microsoft Visual Studio Solution File, Format Version 12.00
Project("{FAE04EC0-301F-11D3-BF4B-00C04F79EFBC}") = "LLMFriend.Web", "LLMFriend.Web\LLMFriend.Web.csproj", "{61AF57C1-9309-46B3-8226-031036ACACEC}"
EndProject
Project("{FAE04EC0-301F-11D3-BF4B-00C04F79EFBC}") = "LLMFriend.Core", "LLMFriend.Core\LLMFriend.Core.csproj", "{BDEC10B9-5A95-44E0-B93D-2CE4AC1B51A8}"
EndProject
Project("{FAE04EC0-301F-11D3-BF4B-00C04F79EFBC}") = "LLMFriend.Tests", "LLMFriend.Tests\LLMFriend.Tests.csproj", "{C3E60EFD-D1E1-4DA9-ADBA-0E7A6E37C313}"
EndProject
Global
	GlobalSection(SolutionConfigurationPlatforms) = preSolution
		Debug|Any CPU = Debug|Any CPU
		Release|Any CPU = Release|Any CPU
	EndGlobalSection
	GlobalSection(ProjectConfigurationPlatforms) = postSolution
		{61AF57C1-9309-46B3-8226-031036ACACEC}.Debug|Any CPU.ActiveCfg = Debug|Any CPU
		{61AF57C1-9309-46B3-8226-031036ACACEC}.Debug|Any CPU.Build.0 = Debug|Any CPU
		{61AF57C1-9309-46B3-8226-031036ACACEC}.Release|Any CPU.ActiveCfg = Release|Any CPU
		{61AF57C1-9309-46B3-8226-031036ACACEC}.Release|Any CPU.Build.0 = Release|Any CPU
		{BDEC10B9-5A95-44E0-B93D-2CE4AC1B51A8}.Debug|Any CPU.ActiveCfg = Debug|Any CPU
		{BDEC10B9-5A95-44E0-B93D-2CE4AC1B51A8}.Debug|Any CPU.Build.0 = Debug|Any CPU
		{BDEC10B9-5A95-44E0-B93D-2CE4AC1B51A8}.Release|Any CPU.ActiveCfg = Release|Any CPU
		{BDEC10B9-5A95-44E0-B93D-2CE4AC1B51A8}.Release|Any CPU.Build.0 = Release|Any CPU
		{C3E60EFD-D1E1-4DA9-ADBA-0E7A6E37C313}.Debug|Any CPU.ActiveCfg = Debug|Any CPU
		{C3E60EFD-D1E1-4DA9-ADBA-0E7A6E37C313}.Debug|Any CPU.Build.0 = Debug|Any CPU
		{C3E60EFD-D1E1-4DA9-ADBA-0E7A6E37C313}.Release|Any CPU.ActiveCfg = Release|Any CPU
		{C3E60EFD-D1E1-4DA9-ADBA-0E7A6E37C313}.Release|Any CPU.Build.0 = Release|Any CPU
	EndGlobalSection
EndGlobal
